// !$*UTF8*$!
{
	archiveVersion = 1;
	classes = {
	};
	objectVersion = 50;
	objects = {

/* Begin PBXBuildFile section */
		18BDB4F322E11DC600359FC4 /* moodTableViewController.swift in Sources */ = {isa = PBXBuildFile; fileRef = 18BDB4F222E11DC600359FC4 /* moodTableViewController.swift */; };
		18BDB4F522E11F0700359FC4 /* SecondViewController.swift in Sources */ = {isa = PBXBuildFile; fileRef = 18BDB4F422E11F0700359FC4 /* SecondViewController.swift */; };
		18BDB4F722E1205900359FC4 /* moodCalendar.swift in Sources */ = {isa = PBXBuildFile; fileRef = 18BDB4F622E1205900359FC4 /* moodCalendar.swift */; };
		18EC321322DF96D4000F2972 /* AppDelegate.swift in Sources */ = {isa = PBXBuildFile; fileRef = 18EC321222DF96D4000F2972 /* AppDelegate.swift */; };
		18EC321822DF96D4000F2972 /* Main.storyboard in Resources */ = {isa = PBXBuildFile; fileRef = 18EC321622DF96D4000F2972 /* Main.storyboard */; };
		18EC321B22DF96D4000F2972 /* HOSO.xcdatamodeld in Sources */ = {isa = PBXBuildFile; fileRef = 18EC321922DF96D4000F2972 /* HOSO.xcdatamodeld */; };
		18EC321D22DF96D7000F2972 /* Assets.xcassets in Resources */ = {isa = PBXBuildFile; fileRef = 18EC321C22DF96D7000F2972 /* Assets.xcassets */; };
		18EC322022DF96D7000F2972 /* LaunchScreen.storyboard in Resources */ = {isa = PBXBuildFile; fileRef = 18EC321E22DF96D7000F2972 /* LaunchScreen.storyboard */; };
		18EC322C22DFA7E9000F2972 /* ViewController.swift in Sources */ = {isa = PBXBuildFile; fileRef = 18EC322B22DFA7E9000F2972 /* ViewController.swift */; };
		18EC322E22DFAB6B000F2972 /* TableTableViewController.swift in Sources */ = {isa = PBXBuildFile; fileRef = 18EC322D22DFAB6B000F2972 /* TableTableViewController.swift */; };
/* End PBXBuildFile section */

/* Begin PBXFileReference section */
		18BDB4F222E11DC600359FC4 /* moodTableViewController.swift */ = {isa = PBXFileReference; lastKnownFileType = sourcecode.swift; path = moodTableViewController.swift; sourceTree = "<group>"; };
		18BDB4F422E11F0700359FC4 /* SecondViewController.swift */ = {isa = PBXFileReference; lastKnownFileType = sourcecode.swift; path = SecondViewController.swift; sourceTree = "<group>"; };
		18BDB4F622E1205900359FC4 /* moodCalendar.swift */ = {isa = PBXFileReference; lastKnownFileType = sourcecode.swift; path = moodCalendar.swift; sourceTree = "<group>"; };
		18EC320F22DF96D4000F2972 /* HOSO.app */ = {isa = PBXFileReference; explicitFileType = wrapper.application; includeInIndex = 0; path = HOSO.app; sourceTree = BUILT_PRODUCTS_DIR; };
		18EC321222DF96D4000F2972 /* AppDelegate.swift */ = {isa = PBXFileReference; lastKnownFileType = sourcecode.swift; path = AppDelegate.swift; sourceTree = "<group>"; };
		18EC321722DF96D4000F2972 /* Base */ = {isa = PBXFileReference; lastKnownFileType = file.storyboard; name = Base; path = Base.lproj/Main.storyboard; sourceTree = "<group>"; };
		18EC321A22DF96D4000F2972 /* HOSO.xcdatamodel */ = {isa = PBXFileReference; lastKnownFileType = wrapper.xcdatamodel; path = HOSO.xcdatamodel; sourceTree = "<group>"; };
		18EC321C22DF96D7000F2972 /* Assets.xcassets */ = {isa = PBXFileReference; lastKnownFileType = folder.assetcatalog; path = Assets.xcassets; sourceTree = "<group>"; };
		18EC321F22DF96D7000F2972 /* Base */ = {isa = PBXFileReference; lastKnownFileType = file.storyboard; name = Base; path = Base.lproj/LaunchScreen.storyboard; sourceTree = "<group>"; };
		18EC322122DF96D7000F2972 /* Info.plist */ = {isa = PBXFileReference; lastKnownFileType = text.plist.xml; path = Info.plist; sourceTree = "<group>"; };
		18EC322B22DFA7E9000F2972 /* ViewController.swift */ = {isa = PBXFileReference; lastKnownFileType = sourcecode.swift; name = ViewController.swift; path = ../ViewController.swift; sourceTree = "<group>"; };
		18EC322D22DFAB6B000F2972 /* TableTableViewController.swift */ = {isa = PBXFileReference; lastKnownFileType = sourcecode.swift; path = TableTableViewController.swift; sourceTree = "<group>"; };
/* End PBXFileReference section */

/* Begin PBXFrameworksBuildPhase section */
		18EC320C22DF96D4000F2972 /* Frameworks */ = {
			isa = PBXFrameworksBuildPhase;
			buildActionMask = 2147483647;
			files = (
			);
			runOnlyForDeploymentPostprocessing = 0;
		};
/* End PBXFrameworksBuildPhase section */

/* Begin PBXGroup section */
		18EC320622DF96D4000F2972 = {
			isa = PBXGroup;
			children = (
				18EC321122DF96D4000F2972 /* HOSO */,
				18EC321022DF96D4000F2972 /* Products */,
			);
			sourceTree = "<group>";
		};
		18EC321022DF96D4000F2972 /* Products */ = {
			isa = PBXGroup;
			children = (
				18EC320F22DF96D4000F2972 /* HOSO.app */,
			);
			name = Products;
			sourceTree = "<group>";
		};
		18EC321122DF96D4000F2972 /* HOSO */ = {
			isa = PBXGroup;
			children = (
				18BDB4F222E11DC600359FC4 /* moodTableViewController.swift */,
				18BDB4F622E1205900359FC4 /* moodCalendar.swift */,
				18EC322B22DFA7E9000F2972 /* ViewController.swift */,
				18EC321222DF96D4000F2972 /* AppDelegate.swift */,
				18EC322D22DFAB6B000F2972 /* TableTableViewController.swift */,
				18EC321622DF96D4000F2972 /* Main.storyboard */,
				18BDB4F422E11F0700359FC4 /* SecondViewController.swift */,
				18EC321C22DF96D7000F2972 /* Assets.xcassets */,
				18EC321E22DF96D7000F2972 /* LaunchScreen.storyboard */,
				18EC322122DF96D7000F2972 /* Info.plist */,
				18EC321922DF96D4000F2972 /* HOSO.xcdatamodeld */,
			);
			path = HOSO;
			sourceTree = "<group>";
		};
/* End PBXGroup section */

/* Begin PBXNativeTarget section */
		18EC320E22DF96D4000F2972 /* HOSO */ = {
			isa = PBXNativeTarget;
			buildConfigurationList = 18EC322422DF96D7000F2972 /* Build configuration list for PBXNativeTarget "HOSO" */;
			buildPhases = (
				18EC320B22DF96D4000F2972 /* Sources */,
				18EC320C22DF96D4000F2972 /* Frameworks */,
				18EC320D22DF96D4000F2972 /* Resources */,
			);
			buildRules = (
			);
			dependencies = (
			);
			name = HOSO;
			productName = HOSO;
			productReference = 18EC320F22DF96D4000F2972 /* HOSO.app */;
			productType = "com.apple.product-type.application";
		};
/* End PBXNativeTarget section */

/* Begin PBXProject section */
		18EC320722DF96D4000F2972 /* Project object */ = {
			isa = PBXProject;
			attributes = {
				LastSwiftUpdateCheck = 1020;
				LastUpgradeCheck = 1020;
				ORGANIZATIONNAME = Apple;
				TargetAttributes = {
					18EC320E22DF96D4000F2972 = {
						CreatedOnToolsVersion = 10.2.1;
					};
				};
			};
			buildConfigurationList = 18EC320A22DF96D4000F2972 /* Build configuration list for PBXProject "HOSO" */;
			compatibilityVersion = "Xcode 9.3";
			developmentRegion = en;
			hasScannedForEncodings = 0;
			knownRegions = (
				en,
				Base,
			);
			mainGroup = 18EC320622DF96D4000F2972;
			productRefGroup = 18EC321022DF96D4000F2972 /* Products */;
			projectDirPath = "";
			projectRoot = "";
			targets = (
				18EC320E22DF96D4000F2972 /* HOSO */,
			);
		};
/* End PBXProject section */

/* Begin PBXResourcesBuildPhase section */
		18EC320D22DF96D4000F2972 /* Resources */ = {
			isa = PBXResourcesBuildPhase;
			buildActionMask = 2147483647;
			files = (
				18EC322022DF96D7000F2972 /* LaunchScreen.storyboard in Resources */,
				18EC321D22DF96D7000F2972 /* Assets.xcassets in Resources */,
				18EC321822DF96D4000F2972 /* Main.storyboard in Resources */,
			);
			runOnlyForDeploymentPostprocessing = 0;
		};
/* End PBXResourcesBuildPhase section */

/* Begin PBXSourcesBuildPhase section */
		18EC320B22DF96D4000F2972 /* Sources */ = {
			isa = PBXSourcesBuildPhase;
			buildActionMask = 2147483647;
			files = (
				18BDB4F522E11F0700359FC4 /* SecondViewController.swift in Sources */,
				18EC322E22DFAB6B000F2972 /* TableTableViewController.swift in Sources */,
				18BDB4F322E11DC600359FC4 /* moodTableViewController.swift in Sources */,
				18EC322C22DFA7E9000F2972 /* ViewController.swift in Sources */,
				18EC321322DF96D4000F2972 /* AppDelegate.swift in Sources */,
				18EC321B22DF96D4000F2972 /* HOSO.xcdatamodeld in Sources */,
				18BDB4F722E1205900359FC4 /* moodCalendar.swift in Sources */,
			);
			runOnlyForDeploymentPostprocessing = 0;
		};
/* End PBXSourcesBuildPhase section */

/* Begin PBXVariantGroup section */
		18EC321622DF96D4000F2972 /* Main.storyboard */ = {
			isa = PBXVariantGroup;
			children = (
				18EC321722DF96D4000F2972 /* Base */,
			);
			name = Main.storyboard;
			sourceTree = "<group>";
		};
		18EC321E22DF96D7000F2972 /* LaunchScreen.storyboard */ = {
			isa = PBXVariantGroup;
			children = (
				18EC321F22DF96D7000F2972 /* Base */,
			);
			name = LaunchScreen.storyboard;
			sourceTree = "<group>";
		};
/* End PBXVariantGroup section */

/* Begin XCBuildConfiguration section */
		18EC322222DF96D7000F2972 /* Debug */ = {
			isa = XCBuildConfiguration;
			buildSettings = {
				ALWAYS_SEARCH_USER_PATHS = NO;
				CLANG_ANALYZER_NONNULL = YES;
				CLANG_ANALYZER_NUMBER_OBJECT_CONVERSION = YES_AGGRESSIVE;
				CLANG_CXX_LANGUAGE_STANDARD = "gnu++14";
				CLANG_CXX_LIBRARY = "libc++";
				CLANG_ENABLE_MODULES = YES;
				CLANG_ENABLE_OBJC_ARC = YES;
				CLANG_ENABLE_OBJC_WEAK = YES;
				CLANG_WARN_BLOCK_CAPTURE_AUTORELEASING = YES;
				CLANG_WARN_BOOL_CONVERSION = YES;
				CLANG_WARN_COMMA = YES;
				CLANG_WARN_CONSTANT_CONVERSION = YES;
				CLANG_WARN_DEPRECATED_OBJC_IMPLEMENTATIONS = YES;
				CLANG_WARN_DIRECT_OBJC_ISA_USAGE = YES_ERROR;
				CLANG_WARN_DOCUMENTATION_COMMENTS = YES;
				CLANG_WARN_EMPTY_BODY = YES;
				CLANG_WARN_ENUM_CONVERSION = YES;
				CLANG_WARN_INFINITE_RECURSION = YES;
				CLANG_WARN_INT_CONVERSION = YES;
				CLANG_WARN_NON_LITERAL_NULL_CONVERSION = YES;
				CLANG_WARN_OBJC_IMPLICIT_RETAIN_SELF = YES;
				CLANG_WARN_OBJC_LITERAL_CONVERSION = YES;
				CLANG_WARN_OBJC_ROOT_CLASS = YES_ERROR;
				CLANG_WARN_RANGE_LOOP_ANALYSIS = YES;
				CLANG_WARN_STRICT_PROTOTYPES = YES;
				CLANG_WARN_SUSPICIOUS_MOVE = YES;
				CLANG_WARN_UNGUARDED_AVAILABILITY = YES_AGGRESSIVE;
				CLANG_WARN_UNREACHABLE_CODE = YES;
				CLANG_WARN__DUPLICATE_METHOD_MATCH = YES;
				CODE_SIGN_IDENTITY = "iPhone Developer";
				COPY_PHASE_STRIP = NO;
				DEBUG_INFORMATION_FORMAT = dwarf;
				ENABLE_STRICT_OBJC_MSGSEND = YES;
				ENABLE_TESTABILITY = YES;
				GCC_C_LANGUAGE_STANDARD = gnu11;
				GCC_DYNAMIC_NO_PIC = NO;
				GCC_NO_COMMON_BLOCKS = YES;
				GCC_OPTIMIZATION_LEVEL = 0;
				GCC_PREPROCESSOR_DEFINITIONS = (
					"DEBUG=1",
					"$(inherited)",
				);
				GCC_WARN_64_TO_32_BIT_CONVERSION = YES;
				GCC_WARN_ABOUT_RETURN_TYPE = YES_ERROR;
				GCC_WARN_UNDECLARED_SELECTOR = YES;
				GCC_WARN_UNINITIALIZED_AUTOS = YES_AGGRESSIVE;
				GCC_WARN_UNUSED_FUNCTION = YES;
				GCC_WARN_UNUSED_VARIABLE = YES;
				IPHONEOS_DEPLOYMENT_TARGET = 12.2;
				MTL_ENABLE_DEBUG_INFO = INCLUDE_SOURCE;
				MTL_FAST_MATH = YES;
				ONLY_ACTIVE_ARCH = YES;
				SDKROOT = iphoneos;
				SWIFT_ACTIVE_COMPILATION_CONDITIONS = DEBUG;
				SWIFT_OPTIMIZATION_LEVEL = "-Onone";
			};
			name = Debug;
		};
		18EC322322DF96D7000F2972 /* Release */ = {
			isa = XCBuildConfiguration;
			buildSettings = {
				ALWAYS_SEARCH_USER_PATHS = NO;
				CLANG_ANALYZER_NONNULL = YES;
				CLANG_ANALYZER_NUMBER_OBJECT_CONVERSION = YES_AGGRESSIVE;
				CLANG_CXX_LANGUAGE_STANDARD = "gnu++14";
				CLANG_CXX_LIBRARY = "libc++";
				CLANG_ENABLE_MODULES = YES;
				CLANG_ENABLE_OBJC_ARC = YES;
				CLANG_ENABLE_OBJC_WEAK = YES;
				CLANG_WARN_BLOCK_CAPTURE_AUTORELEASING = YES;
				CLANG_WARN_BOOL_CONVERSION = YES;
				CLANG_WARN_COMMA = YES;
				CLANG_WARN_CONSTANT_CONVERSION = YES;
				CLANG_WARN_DEPRECATED_OBJC_IMPLEMENTATIONS = YES;
				CLANG_WARN_DIRECT_OBJC_ISA_USAGE = YES_ERROR;
				CLANG_WARN_DOCUMENTATION_COMMENTS = YES;
				CLANG_WARN_EMPTY_BODY = YES;
				CLANG_WARN_ENUM_CONVERSION = YES;
				CLANG_WARN_INFINITE_RECURSION = YES;
				CLANG_WARN_INT_CONVERSION = YES;
				CLANG_WARN_NON_LITERAL_NULL_CONVERSION = YES;
				CLANG_WARN_OBJC_IMPLICIT_RETAIN_SELF = YES;
				CLANG_WARN_OBJC_LITERAL_CONVERSION = YES;
				CLANG_WARN_OBJC_ROOT_CLASS = YES_ERROR;
				CLANG_WARN_RANGE_LOOP_ANALYSIS = YES;
				CLANG_WARN_STRICT_PROTOTYPES = YES;
				CLANG_WARN_SUSPICIOUS_MOVE = YES;
				CLANG_WARN_UNGUARDED_AVAILABILITY = YES_AGGRESSIVE;
				CLANG_WARN_UNREACHABLE_CODE = YES;
				CLANG_WARN__DUPLICATE_METHOD_MATCH = YES;
				CODE_SIGN_IDENTITY = "iPhone Developer";
				COPY_PHASE_STRIP = NO;
				DEBUG_INFORMATION_FORMAT = "dwarf-with-dsym";
				ENABLE_NS_ASSERTIONS = NO;
				ENABLE_STRICT_OBJC_MSGSEND = YES;
				GCC_C_LANGUAGE_STANDARD = gnu11;
				GCC_NO_COMMON_BLOCKS = YES;
				GCC_WARN_64_TO_32_BIT_CONVERSION = YES;
				GCC_WARN_ABOUT_RETURN_TYPE = YES_ERROR;
				GCC_WARN_UNDECLARED_SELECTOR = YES;
				GCC_WARN_UNINITIALIZED_AUTOS = YES_AGGRESSIVE;
				GCC_WARN_UNUSED_FUNCTION = YES;
				GCC_WARN_UNUSED_VARIABLE = YES;
				IPHONEOS_DEPLOYMENT_TARGET = 12.2;
				MTL_ENABLE_DEBUG_INFO = NO;
				MTL_FAST_MATH = YES;
				SDKROOT = iphoneos;
				SWIFT_COMPILATION_MODE = wholemodule;
				SWIFT_OPTIMIZATION_LEVEL = "-O";
				VALIDATE_PRODUCT = YES;
			};
			name = Release;
		};
		18EC322522DF96D7000F2972 /* Debug */ = {
			isa = XCBuildConfiguration;
			buildSettings = {
				ASSETCATALOG_COMPILER_APPICON_NAME = AppIcon;
				CODE_SIGN_STYLE = Automatic;
				INFOPLIST_FILE = HOSO/Info.plist;
				LD_RUNPATH_SEARCH_PATHS = (
					"$(inherited)",
					"@executable_path/Frameworks",
				);
				PRODUCT_BUNDLE_IDENTIFIER = Apple.HOSO;
				PRODUCT_NAME = "$(TARGET_NAME)";
				SWIFT_VERSION = 5.0;
				TARGETED_DEVICE_FAMILY = "1,2";
			};
			name = Debug;
		};
		18EC322622DF96D7000F2972 /* Release */ = {
			isa = XCBuildConfiguration;
			buildSettings = {
				ASSETCATALOG_COMPILER_APPICON_NAME = AppIcon;
				CODE_SIGN_STYLE = Automatic;
				INFOPLIST_FILE = HOSO/Info.plist;
				LD_RUNPATH_SEARCH_PATHS = (
					"$(inherited)",
					"@executable_path/Frameworks",
				);
				PRODUCT_BUNDLE_IDENTIFIER = Apple.HOSO;
				PRODUCT_NAME = "$(TARGET_NAME)";
				SWIFT_VERSION = 5.0;
				TARGETED_DEVICE_FAMILY = "1,2";
			};
			name = Release;
		};
/* End XCBuildConfiguration section */

/* Begin XCConfigurationList section */
		18EC320A22DF96D4000F2972 /* Build configuration list for PBXProject "HOSO" */ = {
			isa = XCConfigurationList;
			buildConfigurations = (
				18EC322222DF96D7000F2972 /* Debug */,
				18EC322322DF96D7000F2972 /* Release */,
			);
			defaultConfigurationIsVisible = 0;
			defaultConfigurationName = Release;
		};
		18EC322422DF96D7000F2972 /* Build configuration list for PBXNativeTarget "HOSO" */ = {
			isa = XCConfigurationList;
			buildConfigurations = (
				18EC322522DF96D7000F2972 /* Debug */,
				18EC322622DF96D7000F2972 /* Release */,
			);
			defaultConfigurationIsVisible = 0;
			defaultConfigurationName = Release;
		};
/* End XCConfigurationList section */

/* Begin XCVersionGroup section */
		18EC321922DF96D4000F2972 /* HOSO.xcdatamodeld */ = {
			isa = XCVersionGroup;
			children = (
				18EC321A22DF96D4000F2972 /* HOSO.xcdatamodel */,
			);
			currentVersion = 18EC321A22DF96D4000F2972 /* HOSO.xcdatamodel */;
			path = HOSO.xcdatamodeld;
			sourceTree = "<group>";
			versionGroupType = wrapper.xcdatamodel;
		};
/* End XCVersionGroup section */
	};
	rootObject = 18EC320722DF96D4000F2972 /* Project object */;
}
